
Microsoft Visual Studio Solution File, Format Version 11.00
# Visual Studio 2010
Project("{FAE04EC0-301F-11D3-BF4B-00C04F79EFBC}") = "PinPoint.Services.EventScheduler", "PinPoint.Services.EventScheduler\PinPoint.Services.EventScheduler.csproj", "{F958A14E-EDA9-43DE-9270-2C5421CBFC41}"
EndProject
Project("{FAE04EC0-301F-11D3-BF4B-00C04F79EFBC}") = "PinPoint.Services.Provider", "PinPoint.Services.Provider\PinPoint.Services.Provider.csproj", "{6562C06F-6540-4577-931C-09C546EE60BC}"
EndProject
Project("{FAE04EC0-301F-11D3-BF4B-00C04F79EFBC}") = "PinPoint.Services.Scheduler", "PinPoint.Services.Scheduler\PinPoint.Services.Scheduler.csproj", "{C6D7A860-8D75-489F-8BB9-607B7A103C64}"
EndProject
Project("{FAE04EC0-301F-11D3-BF4B-00C04F79EFBC}") = "PinPoint.Services.Common", "..\Common\PinPoint.Services.Common\PinPoint.Services.Common.csproj", "{DBE42E5D-E8D3-4278-A4CC-0554E807781A}"
EndProject
Project("{FAE04EC0-301F-11D3-BF4B-00C04F79EFBC}") = "PinPoint.Common", "..\..\Common\PinPoint.Common\PinPoint.Common.csproj", "{A1D208B0-BC00-4B7C-913B-818F48E75C02}"
EndProject
Project("{FAE04EC0-301F-11D3-BF4B-00C04F79EFBC}") = "TestProvider", "TestProvider\TestProvider.csproj", "{2261E7F3-0BE5-4713-A7AF-1D88150A40F1}"
EndProject
Project("{FAE04EC0-301F-11D3-BF4B-00C04F79EFBC}") = "PinPoint.Unity.Interfaces", "..\..\Common\PinPoint.Unity.Interfaces\PinPoint.Unity.Interfaces.csproj", "{98EB7CC6-AD9E-4ED5-A894-B808AD6EDBA4}"
EndProject
Project("{FAE04EC0-301F-11D3-BF4B-00C04F79EFBC}") = "PinPoint.EnterpriseLibrary.Extensions.Logging", "..\..\Common\PinPoint.EnterpriseLibrary.Extensions.Logging\PinPoint.EnterpriseLibrary.Extensions.Logging.csproj", "{F77DE7CB-5901-4D23-B879-C732464428F3}"
EndProject
Global
	GlobalSection(SubversionScc) = preSolution
		Svn-Managed = True
		Manager = AnkhSVN - Subversion Support for Visual Studio
	EndGlobalSection
	GlobalSection(SolutionConfigurationPlatforms) = preSolution
		Debug|Any CPU = Debug|Any CPU
		Debug|Itanium = Debug|Itanium
		Debug|x64 = Debug|x64
		Debug|x86 = Debug|x86
		Debug20|Any CPU = Debug20|Any CPU
		Debug20|Itanium = Debug20|Itanium
		Debug20|x64 = Debug20|x64
		Debug20|x86 = Debug20|x86
		Debug35|Any CPU = Debug35|Any CPU
		Debug35|Itanium = Debug35|Itanium
		Debug35|x64 = Debug35|x64
		Debug35|x86 = Debug35|x86
		Release|Any CPU = Release|Any CPU
		Release|Itanium = Release|Itanium
		Release|x64 = Release|x64
		Release|x86 = Release|x86
		Release20|Any CPU = Release20|Any CPU
		Release20|Itanium = Release20|Itanium
		Release20|x64 = Release20|x64
		Release20|x86 = Release20|x86
		Release35|Any CPU = Release35|Any CPU
		Release35|Itanium = Release35|Itanium
		Release35|x64 = Release35|x64
		Release35|x86 = Release35|x86
	EndGlobalSection
	GlobalSection(ProjectConfigurationPlatforms) = postSolution
		{F958A14E-EDA9-43DE-9270-2C5421CBFC41}.Debug|Any CPU.ActiveCfg = Debug|Any CPU
		{F958A14E-EDA9-43DE-9270-2C5421CBFC41}.Debug|Any CPU.Build.0 = Debug|Any CPU
		{F958A14E-EDA9-43DE-9270-2C5421CBFC41}.Debug|Itanium.ActiveCfg = Debug|Any CPU
		{F958A14E-EDA9-43DE-9270-2C5421CBFC41}.Debug|x64.ActiveCfg = Debug|Any CPU
		{F958A14E-EDA9-43DE-9270-2C5421CBFC41}.Debug|x86.ActiveCfg = Debug|Any CPU
		{F958A14E-EDA9-43DE-9270-2C5421CBFC41}.Debug20|Any CPU.ActiveCfg = Debug|Any CPU
		{F958A14E-EDA9-43DE-9270-2C5421CBFC41}.Debug20|Any CPU.Build.0 = Debug|Any CPU
		{F958A14E-EDA9-43DE-9270-2C5421CBFC41}.Debug20|Itanium.ActiveCfg = Debug|Any CPU
		{F958A14E-EDA9-43DE-9270-2C5421CBFC41}.Debug20|x64.ActiveCfg = Debug|Any CPU
		{F958A14E-EDA9-43DE-9270-2C5421CBFC41}.Debug20|x86.ActiveCfg = Debug|Any CPU
		{F958A14E-EDA9-43DE-9270-2C5421CBFC41}.Debug35|Any CPU.ActiveCfg = Debug|Any CPU
		{F958A14E-EDA9-43DE-9270-2C5421CBFC41}.Debug35|Any CPU.Build.0 = Debug|Any CPU
		{F958A14E-EDA9-43DE-9270-2C5421CBFC41}.Debug35|Itanium.ActiveCfg = Debug|Any CPU
		{F958A14E-EDA9-43DE-9270-2C5421CBFC41}.Debug35|x64.ActiveCfg = Debug|Any CPU
		{F958A14E-EDA9-43DE-9270-2C5421CBFC41}.Debug35|x86.ActiveCfg = Debug|Any CPU
		{F958A14E-EDA9-43DE-9270-2C5421CBFC41}.Release|Any CPU.ActiveCfg = Release|Any CPU
		{F958A14E-EDA9-43DE-9270-2C5421CBFC41}.Release|Any CPU.Build.0 = Release|Any CPU
		{F958A14E-EDA9-43DE-9270-2C5421CBFC41}.Release|Itanium.ActiveCfg = Release|Any CPU
		{F958A14E-EDA9-43DE-9270-2C5421CBFC41}.Release|x64.ActiveCfg = Release|Any CPU
		{F958A14E-EDA9-43DE-9270-2C5421CBFC41}.Release|x86.ActiveCfg = Release|Any CPU
		{F958A14E-EDA9-43DE-9270-2C5421CBFC41}.Release20|Any CPU.ActiveCfg = Release|Any CPU
		{F958A14E-EDA9-43DE-9270-2C5421CBFC41}.Release20|Any CPU.Build.0 = Release|Any CPU
		{F958A14E-EDA9-43DE-9270-2C5421CBFC41}.Release20|Itanium.ActiveCfg = Release|Any CPU
		{F958A14E-EDA9-43DE-9270-2C5421CBFC41}.Release20|x64.ActiveCfg = Release|Any CPU
		{F958A14E-EDA9-43DE-9270-2C5421CBFC41}.Release20|x86.ActiveCfg = Release|Any CPU
		{F958A14E-EDA9-43DE-9270-2C5421CBFC41}.Release35|Any CPU.ActiveCfg = Release|Any CPU
		{F958A14E-EDA9-43DE-9270-2C5421CBFC41}.Release35|Any CPU.Build.0 = Release|Any CPU
		{F958A14E-EDA9-43DE-9270-2C5421CBFC41}.Release35|Itanium.ActiveCfg = Release|Any CPU
		{F958A14E-EDA9-43DE-9270-2C5421CBFC41}.Release35|x64.ActiveCfg = Release|Any CPU
		{F958A14E-EDA9-43DE-9270-2C5421CBFC41}.Release35|x86.ActiveCfg = Release|Any CPU
		{6562C06F-6540-4577-931C-09C546EE60BC}.Debug|Any CPU.ActiveCfg = Debug|Any CPU
		{6562C06F-6540-4577-931C-09C546EE60BC}.Debug|Any CPU.Build.0 = Debug|Any CPU
		{6562C06F-6540-4577-931C-09C546EE60BC}.Debug|Itanium.ActiveCfg = Debug|Any CPU
		{6562C06F-6540-4577-931C-09C546EE60BC}.Debug|x64.ActiveCfg = Debug|Any CPU
		{6562C06F-6540-4577-931C-09C546EE60BC}.Debug|x86.ActiveCfg = Debug|Any CPU
		{6562C06F-6540-4577-931C-09C546EE60BC}.Debug20|Any CPU.ActiveCfg = Debug|Any CPU
		{6562C06F-6540-4577-931C-09C546EE60BC}.Debug20|Any CPU.Build.0 = Debug|Any CPU
		{6562C06F-6540-4577-931C-09C546EE60BC}.Debug20|Itanium.ActiveCfg = Debug|Any CPU
		{6562C06F-6540-4577-931C-09C546EE60BC}.Debug20|x64.ActiveCfg = Debug|Any CPU
		{6562C06F-6540-4577-931C-09C546EE60BC}.Debug20|x86.ActiveCfg = Debug|Any CPU
		{6562C06F-6540-4577-931C-09C546EE60BC}.Debug35|Any CPU.ActiveCfg = Debug|Any CPU
		{6562C06F-6540-4577-931C-09C546EE60BC}.Debug35|Any CPU.Build.0 = Debug|Any CPU
		{6562C06F-6540-4577-931C-09C546EE60BC}.Debug35|Itanium.ActiveCfg = Debug|Any CPU
		{6562C06F-6540-4577-931C-09C546EE60BC}.Debug35|x64.ActiveCfg = Debug|Any CPU
		{6562C06F-6540-4577-931C-09C546EE60BC}.Debug35|x86.ActiveCfg = Debug|Any CPU
		{6562C06F-6540-4577-931C-09C546EE60BC}.Release|Any CPU.ActiveCfg = Release|Any CPU
		{6562C06F-6540-4577-931C-09C546EE60BC}.Release|Any CPU.Build.0 = Release|Any CPU
		{6562C06F-6540-4577-931C-09C546EE60BC}.Release|Itanium.ActiveCfg = Release|Any CPU
		{6562C06F-6540-4577-931C-09C546EE60BC}.Release|x64.ActiveCfg = Release|Any CPU
		{6562C06F-6540-4577-931C-09C546EE60BC}.Release|x86.ActiveCfg = Release|Any CPU
		{6562C06F-6540-4577-931C-09C546EE60BC}.Release20|Any CPU.ActiveCfg = Release|Any CPU
		{6562C06F-6540-4577-931C-09C546EE60BC}.Release20|Any CPU.Build.0 = Release|Any CPU
		{6562C06F-6540-4577-931C-09C546EE60BC}.Release20|Itanium.ActiveCfg = Release|Any CPU
		{6562C06F-6540-4577-931C-09C546EE60BC}.Release20|x64.ActiveCfg = Release|Any CPU
		{6562C06F-6540-4577-931C-09C546EE60BC}.Release20|x86.ActiveCfg = Release|Any CPU
		{6562C06F-6540-4577-931C-09C546EE60BC}.Release35|Any CPU.ActiveCfg = Release|Any CPU
		{6562C06F-6540-4577-931C-09C546EE60BC}.Release35|Any CPU.Build.0 = Release|Any CPU
		{6562C06F-6540-4577-931C-09C546EE60BC}.Release35|Itanium.ActiveCfg = Release|Any CPU
		{6562C06F-6540-4577-931C-09C546EE60BC}.Release35|x64.ActiveCfg = Release|Any CPU
		{6562C06F-6540-4577-931C-09C546EE60BC}.Release35|x86.ActiveCfg = Release|Any CPU
		{C6D7A860-8D75-489F-8BB9-607B7A103C64}.Debug|Any CPU.ActiveCfg = Debug|Any CPU
		{C6D7A860-8D75-489F-8BB9-607B7A103C64}.Debug|Any CPU.Build.0 = Debug|Any CPU
		{C6D7A860-8D75-489F-8BB9-607B7A103C64}.Debug|Itanium.ActiveCfg = Debug|Any CPU
		{C6D7A860-8D75-489F-8BB9-607B7A103C64}.Debug|x64.ActiveCfg = Debug|Any CPU
		{C6D7A860-8D75-489F-8BB9-607B7A103C64}.Debug|x86.ActiveCfg = Debug|Any CPU
		{C6D7A860-8D75-489F-8BB9-607B7A103C64}.Debug20|Any CPU.ActiveCfg = Debug|Any CPU
		{C6D7A860-8D75-489F-8BB9-607B7A103C64}.Debug20|Any CPU.Build.0 = Debug|Any CPU
		{C6D7A860-8D75-489F-8BB9-607B7A103C64}.Debug20|Itanium.ActiveCfg = Debug|Any CPU
		{C6D7A860-8D75-489F-8BB9-607B7A103C64}.Debug20|x64.ActiveCfg = Debug|Any CPU
		{C6D7A860-8D75-489F-8BB9-607B7A103C64}.Debug20|x86.ActiveCfg = Debug|Any CPU
		{C6D7A860-8D75-489F-8BB9-607B7A103C64}.Debug35|Any CPU.ActiveCfg = Debug|Any CPU
		{C6D7A860-8D75-489F-8BB9-607B7A103C64}.Debug35|Any CPU.Build.0 = Debug|Any CPU
		{C6D7A860-8D75-489F-8BB9-607B7A103C64}.Debug35|Itanium.ActiveCfg = Debug|Any CPU
		{C6D7A860-8D75-489F-8BB9-607B7A103C64}.Debug35|x64.ActiveCfg = Debug|Any CPU
		{C6D7A860-8D75-489F-8BB9-607B7A103C64}.Debug35|x86.ActiveCfg = Debug|Any CPU
		{C6D7A860-8D75-489F-8BB9-607B7A103C64}.Release|Any CPU.ActiveCfg = Release|Any CPU
		{C6D7A860-8D75-489F-8BB9-607B7A103C64}.Release|Any CPU.Build.0 = Release|Any CPU
		{C6D7A860-8D75-489F-8BB9-607B7A103C64}.Release|Itanium.ActiveCfg = Release|Any CPU
		{C6D7A860-8D75-489F-8BB9-607B7A103C64}.Release|x64.ActiveCfg = Release|Any CPU
		{C6D7A860-8D75-489F-8BB9-607B7A103C64}.Release|x86.ActiveCfg = Release|Any CPU
		{C6D7A860-8D75-489F-8BB9-607B7A103C64}.Release20|Any CPU.ActiveCfg = Release|Any CPU
		{C6D7A860-8D75-489F-8BB9-607B7A103C64}.Release20|Any CPU.Build.0 = Release|Any CPU
		{C6D7A860-8D75-489F-8BB9-607B7A103C64}.Release20|Itanium.ActiveCfg = Release|Any CPU
		{C6D7A860-8D75-489F-8BB9-607B7A103C64}.Release20|x64.ActiveCfg = Release|Any CPU
		{C6D7A860-8D75-489F-8BB9-607B7A103C64}.Release20|x86.ActiveCfg = Release|Any CPU
		{C6D7A860-8D75-489F-8BB9-607B7A103C64}.Release35|Any CPU.ActiveCfg = Release|Any CPU
		{C6D7A860-8D75-489F-8BB9-607B7A103C64}.Release35|Any CPU.Build.0 = Release|Any CPU
		{C6D7A860-8D75-489F-8BB9-607B7A103C64}.Release35|Itanium.ActiveCfg = Release|Any CPU
		{C6D7A860-8D75-489F-8BB9-607B7A103C64}.Release35|x64.ActiveCfg = Release|Any CPU
		{C6D7A860-8D75-489F-8BB9-607B7A103C64}.Release35|x86.ActiveCfg = Release|Any CPU
		{DBE42E5D-E8D3-4278-A4CC-0554E807781A}.Debug|Any CPU.ActiveCfg = Debug|Any CPU
		{DBE42E5D-E8D3-4278-A4CC-0554E807781A}.Debug|Any CPU.Build.0 = Debug|Any CPU
		{DBE42E5D-E8D3-4278-A4CC-0554E807781A}.Debug|Itanium.ActiveCfg = Debug|Itanium
		{DBE42E5D-E8D3-4278-A4CC-0554E807781A}.Debug|Itanium.Build.0 = Debug|Itanium
		{DBE42E5D-E8D3-4278-A4CC-0554E807781A}.Debug|x64.ActiveCfg = Debug|x64
		{DBE42E5D-E8D3-4278-A4CC-0554E807781A}.Debug|x64.Build.0 = Debug|x64
		{DBE42E5D-E8D3-4278-A4CC-0554E807781A}.Debug|x86.ActiveCfg = Debug|x86
		{DBE42E5D-E8D3-4278-A4CC-0554E807781A}.Debug|x86.Build.0 = Debug|x86
		{DBE42E5D-E8D3-4278-A4CC-0554E807781A}.Debug20|Any CPU.ActiveCfg = Debug|x86
		{DBE42E5D-E8D3-4278-A4CC-0554E807781A}.Debug20|Itanium.ActiveCfg = Debug|x86
		{DBE42E5D-E8D3-4278-A4CC-0554E807781A}.Debug20|x64.ActiveCfg = Debug|x86
		{DBE42E5D-E8D3-4278-A4CC-0554E807781A}.Debug20|x86.ActiveCfg = Debug|x86
		{DBE42E5D-E8D3-4278-A4CC-0554E807781A}.Debug20|x86.Build.0 = Debug|x86
		{DBE42E5D-E8D3-4278-A4CC-0554E807781A}.Debug35|Any CPU.ActiveCfg = Debug|x86
		{DBE42E5D-E8D3-4278-A4CC-0554E807781A}.Debug35|Itanium.ActiveCfg = Debug|x86
		{DBE42E5D-E8D3-4278-A4CC-0554E807781A}.Debug35|x64.ActiveCfg = Debug|x86
		{DBE42E5D-E8D3-4278-A4CC-0554E807781A}.Debug35|x86.ActiveCfg = Debug|x86
		{DBE42E5D-E8D3-4278-A4CC-0554E807781A}.Debug35|x86.Build.0 = Debug|x86
		{DBE42E5D-E8D3-4278-A4CC-0554E807781A}.Release|Any CPU.ActiveCfg = Release|Any CPU
		{DBE42E5D-E8D3-4278-A4CC-0554E807781A}.Release|Any CPU.Build.0 = Release|Any CPU
		{DBE42E5D-E8D3-4278-A4CC-0554E807781A}.Release|Itanium.ActiveCfg = Release|Itanium
		{DBE42E5D-E8D3-4278-A4CC-0554E807781A}.Release|Itanium.Build.0 = Release|Itanium
		{DBE42E5D-E8D3-4278-A4CC-0554E807781A}.Release|x64.ActiveCfg = Release|x64
		{DBE42E5D-E8D3-4278-A4CC-0554E807781A}.Release|x64.Build.0 = Release|x64
		{DBE42E5D-E8D3-4278-A4CC-0554E807781A}.Release|x86.ActiveCfg = Release|x86
		{DBE42E5D-E8D3-4278-A4CC-0554E807781A}.Release|x86.Build.0 = Release|x86
		{DBE42E5D-E8D3-4278-A4CC-0554E807781A}.Release20|Any CPU.ActiveCfg = Release|x86
		{DBE42E5D-E8D3-4278-A4CC-0554E807781A}.Release20|Itanium.ActiveCfg = Release|x86
		{DBE42E5D-E8D3-4278-A4CC-0554E807781A}.Release20|x64.ActiveCfg = Release|x86
		{DBE42E5D-E8D3-4278-A4CC-0554E807781A}.Release20|x86.ActiveCfg = Release|x86
		{DBE42E5D-E8D3-4278-A4CC-0554E807781A}.Release20|x86.Build.0 = Release|x86
		{DBE42E5D-E8D3-4278-A4CC-0554E807781A}.Release35|Any CPU.ActiveCfg = Release|x86
		{DBE42E5D-E8D3-4278-A4CC-0554E807781A}.Release35|Itanium.ActiveCfg = Release|x86
		{DBE42E5D-E8D3-4278-A4CC-0554E807781A}.Release35|x64.ActiveCfg = Release|x86
		{DBE42E5D-E8D3-4278-A4CC-0554E807781A}.Release35|x86.ActiveCfg = Release|x86
		{DBE42E5D-E8D3-4278-A4CC-0554E807781A}.Release35|x86.Build.0 = Release|x86
		{A1D208B0-BC00-4B7C-913B-818F48E75C02}.Debug|Any CPU.ActiveCfg = Debug|Any CPU
		{A1D208B0-BC00-4B7C-913B-818F48E75C02}.Debug|Any CPU.Build.0 = Debug|Any CPU
		{A1D208B0-BC00-4B7C-913B-818F48E75C02}.Debug|Itanium.ActiveCfg = Debug|x86
		{A1D208B0-BC00-4B7C-913B-818F48E75C02}.Debug|x64.ActiveCfg = Debug|x64
		{A1D208B0-BC00-4B7C-913B-818F48E75C02}.Debug|x64.Build.0 = Debug|x64
		{A1D208B0-BC00-4B7C-913B-818F48E75C02}.Debug|x86.ActiveCfg = Debug|x86
		{A1D208B0-BC00-4B7C-913B-818F48E75C02}.Debug|x86.Build.0 = Debug|x86
		{A1D208B0-BC00-4B7C-913B-818F48E75C02}.Debug20|Any CPU.ActiveCfg = Debug20|Any CPU
		{A1D208B0-BC00-4B7C-913B-818F48E75C02}.Debug20|Any CPU.Build.0 = Debug20|Any CPU
		{A1D208B0-BC00-4B7C-913B-818F48E75C02}.Debug20|Itanium.ActiveCfg = Debug20|x86
		{A1D208B0-BC00-4B7C-913B-818F48E75C02}.Debug20|x64.ActiveCfg = Debug20|x64
		{A1D208B0-BC00-4B7C-913B-818F48E75C02}.Debug20|x64.Build.0 = Debug20|x64
		{A1D208B0-BC00-4B7C-913B-818F48E75C02}.Debug20|x86.ActiveCfg = Debug20|x86
		{A1D208B0-BC00-4B7C-913B-818F48E75C02}.Debug20|x86.Build.0 = Debug20|x86
		{A1D208B0-BC00-4B7C-913B-818F48E75C02}.Debug35|Any CPU.ActiveCfg = Debug35|Any CPU
		{A1D208B0-BC00-4B7C-913B-818F48E75C02}.Debug35|Any CPU.Build.0 = Debug35|Any CPU
		{A1D208B0-BC00-4B7C-913B-818F48E75C02}.Debug35|Itanium.ActiveCfg = Debug35|x86
		{A1D208B0-BC00-4B7C-913B-818F48E75C02}.Debug35|x64.ActiveCfg = Debug35|x64
		{A1D208B0-BC00-4B7C-913B-818F48E75C02}.Debug35|x64.Build.0 = Debug35|x64
		{A1D208B0-BC00-4B7C-913B-818F48E75C02}.Debug35|x86.ActiveCfg = Debug35|x86
		{A1D208B0-BC00-4B7C-913B-818F48E75C02}.Debug35|x86.Build.0 = Debug35|x86
		{A1D208B0-BC00-4B7C-913B-818F48E75C02}.Release|Any CPU.ActiveCfg = Release|Any CPU
		{A1D208B0-BC00-4B7C-913B-818F48E75C02}.Release|Any CPU.Build.0 = Release|Any CPU
		{A1D208B0-BC00-4B7C-913B-818F48E75C02}.Release|Itanium.ActiveCfg = Release|x86
		{A1D208B0-BC00-4B7C-913B-818F48E75C02}.Release|x64.ActiveCfg = Release|x64
		{A1D208B0-BC00-4B7C-913B-818F48E75C02}.Release|x64.Build.0 = Release|x64
		{A1D208B0-BC00-4B7C-913B-818F48E75C02}.Release|x86.ActiveCfg = Release|x86
		{A1D208B0-BC00-4B7C-913B-818F48E75C02}.Release|x86.Build.0 = Release|x86
		{A1D208B0-BC00-4B7C-913B-818F48E75C02}.Release20|Any CPU.ActiveCfg = Release20|Any CPU
		{A1D208B0-BC00-4B7C-913B-818F48E75C02}.Release20|Any CPU.Build.0 = Release20|Any CPU
		{A1D208B0-BC00-4B7C-913B-818F48E75C02}.Release20|Itanium.ActiveCfg = Release20|x86
		{A1D208B0-BC00-4B7C-913B-818F48E75C02}.Release20|x64.ActiveCfg = Release20|x64
		{A1D208B0-BC00-4B7C-913B-818F48E75C02}.Release20|x64.Build.0 = Release20|x64
		{A1D208B0-BC00-4B7C-913B-818F48E75C02}.Release20|x86.ActiveCfg = Release20|x86
		{A1D208B0-BC00-4B7C-913B-818F48E75C02}.Release20|x86.Build.0 = Release20|x86
		{A1D208B0-BC00-4B7C-913B-818F48E75C02}.Release35|Any CPU.ActiveCfg = Release35|Any CPU
		{A1D208B0-BC00-4B7C-913B-818F48E75C02}.Release35|Any CPU.Build.0 = Release35|Any CPU
		{A1D208B0-BC00-4B7C-913B-818F48E75C02}.Release35|Itanium.ActiveCfg = Release35|x86
		{A1D208B0-BC00-4B7C-913B-818F48E75C02}.Release35|x64.ActiveCfg = Release35|x64
		{A1D208B0-BC00-4B7C-913B-818F48E75C02}.Release35|x64.Build.0 = Release35|x64
		{A1D208B0-BC00-4B7C-913B-818F48E75C02}.Release35|x86.ActiveCfg = Release35|x86
		{A1D208B0-BC00-4B7C-913B-818F48E75C02}.Release35|x86.Build.0 = Release35|x86
		{2261E7F3-0BE5-4713-A7AF-1D88150A40F1}.Debug|Any CPU.ActiveCfg = Debug|Any CPU
		{2261E7F3-0BE5-4713-A7AF-1D88150A40F1}.Debug|Any CPU.Build.0 = Debug|Any CPU
		{2261E7F3-0BE5-4713-A7AF-1D88150A40F1}.Debug|Itanium.ActiveCfg = Debug|Any CPU
		{2261E7F3-0BE5-4713-A7AF-1D88150A40F1}.Debug|x64.ActiveCfg = Debug|Any CPU
		{2261E7F3-0BE5-4713-A7AF-1D88150A40F1}.Debug|x86.ActiveCfg = Debug|Any CPU
		{2261E7F3-0BE5-4713-A7AF-1D88150A40F1}.Debug20|Any CPU.ActiveCfg = Debug|Any CPU
		{2261E7F3-0BE5-4713-A7AF-1D88150A40F1}.Debug20|Any CPU.Build.0 = Debug|Any CPU
		{2261E7F3-0BE5-4713-A7AF-1D88150A40F1}.Debug20|Itanium.ActiveCfg = Debug|Any CPU
		{2261E7F3-0BE5-4713-A7AF-1D88150A40F1}.Debug20|x64.ActiveCfg = Debug|Any CPU
		{2261E7F3-0BE5-4713-A7AF-1D88150A40F1}.Debug20|x86.ActiveCfg = Debug|Any CPU
		{2261E7F3-0BE5-4713-A7AF-1D88150A40F1}.Debug35|Any CPU.ActiveCfg = Debug|Any CPU
		{2261E7F3-0BE5-4713-A7AF-1D88150A40F1}.Debug35|Any CPU.Build.0 = Debug|Any CPU
		{2261E7F3-0BE5-4713-A7AF-1D88150A40F1}.Debug35|Itanium.ActiveCfg = Debug|Any CPU
		{2261E7F3-0BE5-4713-A7AF-1D88150A40F1}.Debug35|x64.ActiveCfg = Debug|Any CPU
		{2261E7F3-0BE5-4713-A7AF-1D88150A40F1}.Debug35|x86.ActiveCfg = Debug|Any CPU
		{2261E7F3-0BE5-4713-A7AF-1D88150A40F1}.Release|Any CPU.ActiveCfg = Release|Any CPU
		{2261E7F3-0BE5-4713-A7AF-1D88150A40F1}.Release|Any CPU.Build.0 = Release|Any CPU
		{2261E7F3-0BE5-4713-A7AF-1D88150A40F1}.Release|Itanium.ActiveCfg = Release|Any CPU
		{2261E7F3-0BE5-4713-A7AF-1D88150A40F1}.Release|x64.ActiveCfg = Release|Any CPU
		{2261E7F3-0BE5-4713-A7AF-1D88150A40F1}.Release|x86.ActiveCfg = Release|Any CPU
		{2261E7F3-0BE5-4713-A7AF-1D88150A40F1}.Release20|Any CPU.ActiveCfg = Release|Any CPU
		{2261E7F3-0BE5-4713-A7AF-1D88150A40F1}.Release20|Any CPU.Build.0 = Release|Any CPU
		{2261E7F3-0BE5-4713-A7AF-1D88150A40F1}.Release20|Itanium.ActiveCfg = Release|Any CPU
		{2261E7F3-0BE5-4713-A7AF-1D88150A40F1}.Release20|x64.ActiveCfg = Release|Any CPU
		{2261E7F3-0BE5-4713-A7AF-1D88150A40F1}.Release20|x86.ActiveCfg = Release|Any CPU
		{2261E7F3-0BE5-4713-A7AF-1D88150A40F1}.Release35|Any CPU.ActiveCfg = Release|Any CPU
		{2261E7F3-0BE5-4713-A7AF-1D88150A40F1}.Release35|Any CPU.Build.0 = Release|Any CPU
		{2261E7F3-0BE5-4713-A7AF-1D88150A40F1}.Release35|Itanium.ActiveCfg = Release|Any CPU
		{2261E7F3-0BE5-4713-A7AF-1D88150A40F1}.Release35|x64.ActiveCfg = Release|Any CPU
		{2261E7F3-0BE5-4713-A7AF-1D88150A40F1}.Release35|x86.ActiveCfg = Release|Any CPU
		{98EB7CC6-AD9E-4ED5-A894-B808AD6EDBA4}.Debug|Any CPU.ActiveCfg = Debug|Any CPU
		{98EB7CC6-AD9E-4ED5-A894-B808AD6EDBA4}.Debug|Any CPU.Build.0 = Debug|Any CPU
		{98EB7CC6-AD9E-4ED5-A894-B808AD6EDBA4}.Debug|Itanium.ActiveCfg = Debug|x86
		{98EB7CC6-AD9E-4ED5-A894-B808AD6EDBA4}.Debug|x64.ActiveCfg = Debug|x64
		{98EB7CC6-AD9E-4ED5-A894-B808AD6EDBA4}.Debug|x64.Build.0 = Debug|x64
		{98EB7CC6-AD9E-4ED5-A894-B808AD6EDBA4}.Debug|x86.ActiveCfg = Debug|x86
		{98EB7CC6-AD9E-4ED5-A894-B808AD6EDBA4}.Debug|x86.Build.0 = Debug|x86
		{98EB7CC6-AD9E-4ED5-A894-B808AD6EDBA4}.Debug20|Any CPU.ActiveCfg = Debug20|Any CPU
		{98EB7CC6-AD9E-4ED5-A894-B808AD6EDBA4}.Debug20|Any CPU.Build.0 = Debug20|Any CPU
		{98EB7CC6-AD9E-4ED5-A894-B808AD6EDBA4}.Debug20|Itanium.ActiveCfg = Debug20|x86
		{98EB7CC6-AD9E-4ED5-A894-B808AD6EDBA4}.Debug20|x64.ActiveCfg = Debug20|x64
		{98EB7CC6-AD9E-4ED5-A894-B808AD6EDBA4}.Debug20|x64.Build.0 = Debug20|x64
		{98EB7CC6-AD9E-4ED5-A894-B808AD6EDBA4}.Debug20|x86.ActiveCfg = Debug20|x86
		{98EB7CC6-AD9E-4ED5-A894-B808AD6EDBA4}.Debug20|x86.Build.0 = Debug20|x86
		{98EB7CC6-AD9E-4ED5-A894-B808AD6EDBA4}.Debug35|Any CPU.ActiveCfg = Debug35|Any CPU
		{98EB7CC6-AD9E-4ED5-A894-B808AD6EDBA4}.Debug35|Any CPU.Build.0 = Debug35|Any CPU
		{98EB7CC6-AD9E-4ED5-A894-B808AD6EDBA4}.Debug35|Itanium.ActiveCfg = Debug35|x86
		{98EB7CC6-AD9E-4ED5-A894-B808AD6EDBA4}.Debug35|x64.ActiveCfg = Debug35|x64
		{98EB7CC6-AD9E-4ED5-A894-B808AD6EDBA4}.Debug35|x64.Build.0 = Debug35|x64
		{98EB7CC6-AD9E-4ED5-A894-B808AD6EDBA4}.Debug35|x86.ActiveCfg = Debug35|x86
		{98EB7CC6-AD9E-4ED5-A894-B808AD6EDBA4}.Debug35|x86.Build.0 = Debug35|x86
		{98EB7CC6-AD9E-4ED5-A894-B808AD6EDBA4}.Release|Any CPU.ActiveCfg = Release|Any CPU
		{98EB7CC6-AD9E-4ED5-A894-B808AD6EDBA4}.Release|Any CPU.Build.0 = Release|Any CPU
		{98EB7CC6-AD9E-4ED5-A894-B808AD6EDBA4}.Release|Itanium.ActiveCfg = Release|x86
		{98EB7CC6-AD9E-4ED5-A894-B808AD6EDBA4}.Release|x64.ActiveCfg = Release|x64
		{98EB7CC6-AD9E-4ED5-A894-B808AD6EDBA4}.Release|x64.Build.0 = Release|x64
		{98EB7CC6-AD9E-4ED5-A894-B808AD6EDBA4}.Release|x86.ActiveCfg = Release|x86
		{98EB7CC6-AD9E-4ED5-A894-B808AD6EDBA4}.Release|x86.Build.0 = Release|x86
		{98EB7CC6-AD9E-4ED5-A894-B808AD6EDBA4}.Release20|Any CPU.ActiveCfg = Release20|Any CPU
		{98EB7CC6-AD9E-4ED5-A894-B808AD6EDBA4}.Release20|Any CPU.Build.0 = Release20|Any CPU
		{98EB7CC6-AD9E-4ED5-A894-B808AD6EDBA4}.Release20|Itanium.ActiveCfg = Release20|x86
		{98EB7CC6-AD9E-4ED5-A894-B808AD6EDBA4}.Release20|x64.ActiveCfg = Release20|x64
		{98EB7CC6-AD9E-4ED5-A894-B808AD6EDBA4}.Release20|x64.Build.0 = Release20|x64
		{98EB7CC6-AD9E-4ED5-A894-B808AD6EDBA4}.Release20|x86.ActiveCfg = Release20|x86
		{98EB7CC6-AD9E-4ED5-A894-B808AD6EDBA4}.Release20|x86.Build.0 = Release20|x86
		{98EB7CC6-AD9E-4ED5-A894-B808AD6EDBA4}.Release35|Any CPU.ActiveCfg = Release35|Any CPU
		{98EB7CC6-AD9E-4ED5-A894-B808AD6EDBA4}.Release35|Any CPU.Build.0 = Release35|Any CPU
		{98EB7CC6-AD9E-4ED5-A894-B808AD6EDBA4}.Release35|Itanium.ActiveCfg = Release35|x86
		{98EB7CC6-AD9E-4ED5-A894-B808AD6EDBA4}.Release35|x64.ActiveCfg = Release35|x64
		{98EB7CC6-AD9E-4ED5-A894-B808AD6EDBA4}.Release35|x64.Build.0 = Release35|x64
		{98EB7CC6-AD9E-4ED5-A894-B808AD6EDBA4}.Release35|x86.ActiveCfg = Release35|x86
		{98EB7CC6-AD9E-4ED5-A894-B808AD6EDBA4}.Release35|x86.Build.0 = Release35|x86
		{F77DE7CB-5901-4D23-B879-C732464428F3}.Debug|Any CPU.ActiveCfg = Debug|Any CPU
		{F77DE7CB-5901-4D23-B879-C732464428F3}.Debug|Any CPU.Build.0 = Debug|Any CPU
		{F77DE7CB-5901-4D23-B879-C732464428F3}.Debug|Itanium.ActiveCfg = Debug|x86
		{F77DE7CB-5901-4D23-B879-C732464428F3}.Debug|x64.ActiveCfg = Debug|x64
		{F77DE7CB-5901-4D23-B879-C732464428F3}.Debug|x64.Build.0 = Debug|x64
		{F77DE7CB-5901-4D23-B879-C732464428F3}.Debug|x86.ActiveCfg = Debug|x86
		{F77DE7CB-5901-4D23-B879-C732464428F3}.Debug|x86.Build.0 = Debug|x86
		{F77DE7CB-5901-4D23-B879-C732464428F3}.Debug20|Any CPU.ActiveCfg = Debug|x86
		{F77DE7CB-5901-4D23-B879-C732464428F3}.Debug20|Itanium.ActiveCfg = Debug|x86
		{F77DE7CB-5901-4D23-B879-C732464428F3}.Debug20|x64.ActiveCfg = Debug|x86
		{F77DE7CB-5901-4D23-B879-C732464428F3}.Debug20|x86.ActiveCfg = Debug|x86
		{F77DE7CB-5901-4D23-B879-C732464428F3}.Debug20|x86.Build.0 = Debug|x86
		{F77DE7CB-5901-4D23-B879-C732464428F3}.Debug35|Any CPU.ActiveCfg = Debug|x86
		{F77DE7CB-5901-4D23-B879-C732464428F3}.Debug35|Itanium.ActiveCfg = Debug|x86
		{F77DE7CB-5901-4D23-B879-C732464428F3}.Debug35|x64.ActiveCfg = Debug|x86
		{F77DE7CB-5901-4D23-B879-C732464428F3}.Debug35|x86.ActiveCfg = Debug|x86
		{F77DE7CB-5901-4D23-B879-C732464428F3}.Debug35|x86.Build.0 = Debug|x86
		{F77DE7CB-5901-4D23-B879-C732464428F3}.Release|Any CPU.ActiveCfg = Release|Any CPU
		{F77DE7CB-5901-4D23-B879-C732464428F3}.Release|Any CPU.Build.0 = Release|Any CPU
		{F77DE7CB-5901-4D23-B879-C732464428F3}.Release|Itanium.ActiveCfg = Release|x86
		{F77DE7CB-5901-4D23-B879-C732464428F3}.Release|x64.ActiveCfg = Release|x64
		{F77DE7CB-5901-4D23-B879-C732464428F3}.Release|x64.Build.0 = Release|x64
		{F77DE7CB-5901-4D23-B879-C732464428F3}.Release|x86.ActiveCfg = Release|x86
		{F77DE7CB-5901-4D23-B879-C732464428F3}.Release|x86.Build.0 = Release|x86
		{F77DE7CB-5901-4D23-B879-C732464428F3}.Release20|Any CPU.ActiveCfg = Release|x86
		{F77DE7CB-5901-4D23-B879-C732464428F3}.Release20|Itanium.ActiveCfg = Release|x86
		{F77DE7CB-5901-4D23-B879-C732464428F3}.Release20|x64.ActiveCfg = Release|x86
		{F77DE7CB-5901-4D23-B879-C732464428F3}.Release20|x86.ActiveCfg = Release|x86
		{F77DE7CB-5901-4D23-B879-C732464428F3}.Release20|x86.Build.0 = Release|x86
		{F77DE7CB-5901-4D23-B879-C732464428F3}.Release35|Any CPU.ActiveCfg = Release|x86
		{F77DE7CB-5901-4D23-B879-C732464428F3}.Release35|Itanium.ActiveCfg = Release|x86
		{F77DE7CB-5901-4D23-B879-C732464428F3}.Release35|x64.ActiveCfg = Release|x86
		{F77DE7CB-5901-4D23-B879-C732464428F3}.Release35|x86.ActiveCfg = Release|x86
		{F77DE7CB-5901-4D23-B879-C732464428F3}.Release35|x86.Build.0 = Release|x86
	EndGlobalSection
	GlobalSection(SolutionProperties) = preSolution
		HideSolutionNode = FALSE
	EndGlobalSection
EndGlobal
